
Microsoft Visual Studio Solution File, Format Version 12.00
# Visual Studio 2012
Project("{FAE04EC0-301F-11D3-BF4B-00C04F79EFBC}") = "BitBook", "BitBook\BitBook.csproj", "{B7AA3633-C408-44F0-82E5-892DA65C23D2}"
EndProject
Project("{FAE04EC0-301F-11D3-BF4B-00C04F79EFBC}") = "BitBook.Tests", "BitBook.Tests\BitBook.Tests.csproj", "{337E3F9B-71A5-4915-A51D-1591FC79AAC5}"
EndProject
Global
	GlobalSection(SolutionConfigurationPlatforms) = preSolution
		Debug|x86 = Debug|x86
		Release|x86 = Release|x86
	EndGlobalSection
	GlobalSection(ProjectConfigurationPlatforms) = postSolution
		{337E3F9B-71A5-4915-A51D-1591FC79AAC5}.Debug|x86.ActiveCfg = Debug|Any CPU
		{337E3F9B-71A5-4915-A51D-1591FC79AAC5}.Debug|x86.Build.0 = Debug|Any CPU
		{337E3F9B-71A5-4915-A51D-1591FC79AAC5}.Release|x86.ActiveCfg = Release|Any CPU
		{337E3F9B-71A5-4915-A51D-1591FC79AAC5}.Release|x86.Build.0 = Release|Any CPU
		{B7AA3633-C408-44F0-82E5-892DA65C23D2}.Debug|x86.ActiveCfg = Debug|x86
		{B7AA3633-C408-44F0-82E5-892DA65C23D2}.Debug|x86.Build.0 = Debug|x86
		{B7AA3633-C408-44F0-82E5-892DA65C23D2}.Release|x86.ActiveCfg = Release|x86
		{B7AA3633-C408-44F0-82E5-892DA65C23D2}.Release|x86.Build.0 = Release|x86
	EndGlobalSection
	GlobalSection(MonoDevelopProperties) = preSolution
		Policies = $0
		$0.DotNetNamingPolicy = $1
		$1.DirectoryNamespaceAssociation = Flat
		$1.ResourceNamePolicy = FileFormatDefault
		$0.VersionControlPolicy = $2
		$2.inheritsSet = Mono
	EndGlobalSection
EndGlobal
